{
  "version": "4",
  "redirects": {
    "https://esm.sh/@supabase/supabase-js@2": "https://esm.sh/@supabase/supabase-js@2.112.3"
  },
  "remote": {
    "https://esm.sh/@supabase/supabase-js@2.112.3": "f6b9130984301066587e8917dfab3b3d60be47dc966bd3d04c733bc9423c1cf9"
  },
  "workspace": {
    "packageJson": {
      "dependencies": [
        "npm:@supabase/supabase-js@^2.45.4",
        "npm:@types/react-dom@^18.3.0",
        "npm:@types/react@^18.3.10",
        "npm:@vitejs/plugin-react@^4.3.1",
        "npm:@vladmandic/face-api@^1.7.15",
        "npm:autoprefixer@^10.4.20",
        "npm:canvas-confetti@^1.9.3",
        "npm:eslint-plugin-react-hooks@^4.6.2",
        "npm:eslint-plugin-react-refresh@~0.4.12",
        "npm:eslint-plugin-react@^7.37.0",
        "npm:eslint@^8.57.1",
        "npm:html-to-image@^1.11.13",
        "npm:pdfjs-dist@^6.1.200",
        "npm:pg@^8.21.0",
        "npm:postcss@^8.4.47",
        "npm:qrcode@^1.5.4",
        "npm:react-dom@^18.3.1",
        "npm:react-router-dom@^6.26.2",
        "npm:react-window@^1.8.11",
        "npm:react@^18.3.1",
        "npm:recharts@^2.15.4",
        "npm:tailwindcss-animate@^1.0.7",
        "npm:tailwindcss@^3.4.13",
        "npm:vite-plugin-pwa@^1.3.0",
        "npm:vite@^5.4.8",
        "npm:xlsx@~0.18.5",
        "npm:zustand@^4.5.5"
      ]
    }
  }
}
